
Microsoft Visual Studio Solution File, Format Version 12.00
# Visual Studio Version 16
VisualStudioVersion = 16.0.30621.155
MinimumVisualStudioVersion = 10.0.40219.1
Project("{FAE04EC0-301F-11D3-BF4B-00C04F79EFBC}") = "CoffeeMachine", "CoffeeMachine\CoffeeMachine.csproj", "{CEA55820-B46B-4BD1-80D0-544963917F10}"
EndProject
Global
	GlobalSection(SolutionConfigurationPlatforms) = preSolution
		Debug|Any CPU = Debug|Any CPU
		Release|Any CPU = Release|Any CPU
	EndGlobalSection
	GlobalSection(ProjectConfigurationPlatforms) = postSolution
		{CEA55820-B46B-4BD1-80D0-544963917F10}.Debug|Any CPU.ActiveCfg = Debug|Any CPU
		{CEA55820-B46B-4BD1-80D0-544963917F10}.Debug|Any CPU.Build.0 = Debug|Any CPU
		{CEA55820-B46B-4BD1-80D0-544963917F10}.Release|Any CPU.ActiveCfg = Release|Any CPU
		{CEA55820-B46B-4BD1-80D0-544963917F10}.Release|Any CPU.Build.0 = Release|Any CPU
	EndGlobalSection
	GlobalSection(SolutionProperties) = preSolution
		HideSolutionNode = FALSE
	EndGlobalSection
	GlobalSection(ExtensibilityGlobals) = postSolution
		SolutionGuid = {8DCB8DF3-15DF-4864-A3F0-35DE41F40FF9}
	EndGlobalSection
EndGlobal
